
Microsoft Visual Studio Solution File, Format Version 12.00
# Visual Studio Version 16
VisualStudioVersion = 16.0.31321.278
MinimumVisualStudioVersion = 10.0.40219.1
Project("{FAE04EC0-301F-11D3-BF4B-00C04F79EFBC}") = "Lab2", "Lab2\Lab2.csproj", "{D7F7802F-9286-42DF-A21F-785538A00EB8}"
EndProject
Global
	GlobalSection(SolutionConfigurationPlatforms) = preSolution
		Debug|Any CPU = Debug|Any CPU
		Release|Any CPU = Release|Any CPU
	EndGlobalSection
	GlobalSection(ProjectConfigurationPlatforms) = postSolution
		{D7F7802F-9286-42DF-A21F-785538A00EB8}.Debug|Any CPU.ActiveCfg = Debug|Any CPU
		{D7F7802F-9286-42DF-A21F-785538A00EB8}.Debug|Any CPU.Build.0 = Debug|Any CPU
		{D7F7802F-9286-42DF-A21F-785538A00EB8}.Release|Any CPU.ActiveCfg = Release|Any CPU
		{D7F7802F-9286-42DF-A21F-785538A00EB8}.Release|Any CPU.Build.0 = Release|Any CPU
	EndGlobalSection
	GlobalSection(SolutionProperties) = preSolution
		HideSolutionNode = FALSE
	EndGlobalSection
	GlobalSection(ExtensibilityGlobals) = postSolution
		SolutionGuid = {7F2CD384-82F2-4E35-880E-6F7AA0CB232E}
	EndGlobalSection
EndGlobal
